
Microsoft Visual Studio Solution File, Format Version 12.00
# Visual Studio Version 16
VisualStudioVersion = 16.0.30204.135
MinimumVisualStudioVersion = 10.0.40219.1
Project("{FAE04EC0-301F-11D3-BF4B-00C04F79EFBC}") = "AuthenticationJWT", "AuthenticationJWT\AuthenticationJWT.csproj", "{EBC23B42-A55F-4182-B6C8-6F61075BBE6D}"
EndProject
Global
	GlobalSection(SolutionConfigurationPlatforms) = preSolution
		Debug|Any CPU = Debug|Any CPU
		Release|Any CPU = Release|Any CPU
	EndGlobalSection
	GlobalSection(ProjectConfigurationPlatforms) = postSolution
		{EBC23B42-A55F-4182-B6C8-6F61075BBE6D}.Debug|Any CPU.ActiveCfg = Debug|Any CPU
		{EBC23B42-A55F-4182-B6C8-6F61075BBE6D}.Debug|Any CPU.Build.0 = Debug|Any CPU
		{EBC23B42-A55F-4182-B6C8-6F61075BBE6D}.Release|Any CPU.ActiveCfg = Release|Any CPU
		{EBC23B42-A55F-4182-B6C8-6F61075BBE6D}.Release|Any CPU.Build.0 = Release|Any CPU
	EndGlobalSection
	GlobalSection(SolutionProperties) = preSolution
		HideSolutionNode = FALSE
	EndGlobalSection
	GlobalSection(ExtensibilityGlobals) = postSolution
		SolutionGuid = {C51F9529-1D58-43FC-9F5E-33FE689275C5}
	EndGlobalSection
EndGlobal
